// !$*UTF8*$!
{
	archiveVersion = 1;
	classes = {
	};
	objectVersion = 56;
	objects = {

/* Begin PBXBuildFile section */
		3B594682299FCAA500E47740 /* AppDelegate.swift in Sources */ = {isa = PBXBuildFile; fileRef = 3B594681299FCAA500E47740 /* AppDelegate.swift */; };
		3B594684299FCAA500E47740 /* SceneDelegate.swift in Sources */ = {isa = PBXBuildFile; fileRef = 3B594683299FCAA500E47740 /* SceneDelegate.swift */; };
		3B594686299FCAA500E47740 /* ViewController.swift in Sources */ = {isa = PBXBuildFile; fileRef = 3B594685299FCAA500E47740 /* ViewController.swift */; };
		3B594689299FCAA500E47740 /* Main.storyboard in Resources */ = {isa = PBXBuildFile; fileRef = 3B594687299FCAA500E47740 /* Main.storyboard */; };
		3B59468C299FCAA500E47740 /* BlissApp.xcdatamodeld in Sources */ = {isa = PBXBuildFile; fileRef = 3B59468A299FCAA500E47740 /* BlissApp.xcdatamodeld */; };
		3B59468E299FCAA700E47740 /* Assets.xcassets in Resources */ = {isa = PBXBuildFile; fileRef = 3B59468D299FCAA700E47740 /* Assets.xcassets */; };
		3B594691299FCAA700E47740 /* LaunchScreen.storyboard in Resources */ = {isa = PBXBuildFile; fileRef = 3B59468F299FCAA700E47740 /* LaunchScreen.storyboard */; };
		3B59469C299FCAA700E47740 /* BlissAppTests.swift in Sources */ = {isa = PBXBuildFile; fileRef = 3B59469B299FCAA700E47740 /* BlissAppTests.swift */; };
		3B5946A6299FCAA700E47740 /* BlissAppUITests.swift in Sources */ = {isa = PBXBuildFile; fileRef = 3B5946A5299FCAA700E47740 /* BlissAppUITests.swift */; };
		3B5946A8299FCAA700E47740 /* BlissAppUITestsLaunchTests.swift in Sources */ = {isa = PBXBuildFile; fileRef = 3B5946A7299FCAA700E47740 /* BlissAppUITestsLaunchTests.swift */; };
/* End PBXBuildFile section */

/* Begin PBXContainerItemProxy section */
		3B594698299FCAA700E47740 /* PBXContainerItemProxy */ = {
			isa = PBXContainerItemProxy;
			containerPortal = 3B594676299FCAA500E47740 /* Project object */;
			proxyType = 1;
			remoteGlobalIDString = 3B59467D299FCAA500E47740;
			remoteInfo = BlissApp;
		};
		3B5946A2299FCAA700E47740 /* PBXContainerItemProxy */ = {
			isa = PBXContainerItemProxy;
			containerPortal = 3B594676299FCAA500E47740 /* Project object */;
			proxyType = 1;
			remoteGlobalIDString = 3B59467D299FCAA500E47740;
			remoteInfo = BlissApp;
		};
/* End PBXContainerItemProxy section */

/* Begin PBXFileReference section */
		3B59467E299FCAA500E47740 /* BlissApp.app */ = {isa = PBXFileReference; explicitFileType = wrapper.application; includeInIndex = 0; path = BlissApp.app; sourceTree = BUILT_PRODUCTS_DIR; };
		3B594681299FCAA500E47740 /* AppDelegate.swift */ = {isa = PBXFileReference; lastKnownFileType = sourcecode.swift; path = AppDelegate.swift; sourceTree = "<group>"; };
		3B594683299FCAA500E47740 /* SceneDelegate.swift */ = {isa = PBXFileReference; lastKnownFileType = sourcecode.swift; path = SceneDelegate.swift; sourceTree = "<group>"; };
		3B594685299FCAA500E47740 /* ViewController.swift */ = {isa = PBXFileReference; lastKnownFileType = sourcecode.swift; path = ViewController.swift; sourceTree = "<group>"; };
		3B594688299FCAA500E47740 /* Base */ = {isa = PBXFileReference; lastKnownFileType = file.storyboard; name = Base; path = Base.lproj/Main.storyboard; sourceTree = "<group>"; };
		3B59468B299FCAA500E47740 /* BlissApp.xcdatamodel */ = {isa = PBXFileReference; lastKnownFileType = wrapper.xcdatamodel; path = BlissApp.xcdatamodel; sourceTree = "<group>"; };
		3B59468D299FCAA700E47740 /* Assets.xcassets */ = {isa = PBXFileReference; lastKnownFileType = folder.assetcatalog; path = Assets.xcassets; sourceTree = "<group>"; };
		3B594690299FCAA700E47740 /* Base */ = {isa = PBXFileReference; lastKnownFileType = file.storyboard; name = Base; path = Base.lproj/LaunchScreen.storyboard; sourceTree = "<group>"; };
		3B594692299FCAA700E47740 /* Info.plist */ = {isa = PBXFileReference; lastKnownFileType = text.plist.xml; path = Info.plist; sourceTree = "<group>"; };
		3B594697299FCAA700E47740 /* BlissAppTests.xctest */ = {isa = PBXFileReference; explicitFileType = wrapper.cfbundle; includeInIndex = 0; path = BlissAppTests.xctest; sourceTree = BUILT_PRODUCTS_DIR; };
		3B59469B299FCAA700E47740 /* BlissAppTests.swift */ = {isa = PBXFileReference; lastKnownFileType = sourcecode.swift; path = BlissAppTests.swift; sourceTree = "<group>"; };
		3B5946A1299FCAA700E47740 /* BlissAppUITests.xctest */ = {isa = PBXFileReference; explicitFileType = wrapper.cfbundle; includeInIndex = 0; path = BlissAppUITests.xctest; sourceTree = BUILT_PRODUCTS_DIR; };
		3B5946A5299FCAA700E47740 /* BlissAppUITests.swift */ = {isa = PBXFileReference; lastKnownFileType = sourcecode.swift; path = BlissAppUITests.swift; sourceTree = "<group>"; };
		3B5946A7299FCAA700E47740 /* BlissAppUITestsLaunchTests.swift */ = {isa = PBXFileReference; lastKnownFileType = sourcecode.swift; path = BlissAppUITestsLaunchTests.swift; sourceTree = "<group>"; };
/* End PBXFileReference section */

/* Begin PBXFrameworksBuildPhase section */
		3B59467B299FCAA500E47740 /* Frameworks */ = {
			isa = PBXFrameworksBuildPhase;
			buildActionMask = 2147483647;
			files = (
			);
			runOnlyForDeploymentPostprocessing = 0;
		};
		3B594694299FCAA700E47740 /* Frameworks */ = {
			isa = PBXFrameworksBuildPhase;
			buildActionMask = 2147483647;
			files = (
			);
			runOnlyForDeploymentPostprocessing = 0;
		};
		3B59469E299FCAA700E47740 /* Frameworks */ = {
			isa = PBXFrameworksBuildPhase;
			buildActionMask = 2147483647;
			files = (
			);
			runOnlyForDeploymentPostprocessing = 0;
		};
/* End PBXFrameworksBuildPhase section */

/* Begin PBXGroup section */
		3B594675299FCAA500E47740 = {
			isa = PBXGroup;
			children = (
				3B594680299FCAA500E47740 /* BlissApp */,
				3B59469A299FCAA700E47740 /* BlissAppTests */,
				3B5946A4299FCAA700E47740 /* BlissAppUITests */,
				3B59467F299FCAA500E47740 /* Products */,
			);
			sourceTree = "<group>";
		};
		3B59467F299FCAA500E47740 /* Products */ = {
			isa = PBXGroup;
			children = (
				3B59467E299FCAA500E47740 /* BlissApp.app */,
				3B594697299FCAA700E47740 /* BlissAppTests.xctest */,
				3B5946A1299FCAA700E47740 /* BlissAppUITests.xctest */,
			);
			name = Products;
			sourceTree = "<group>";
		};
		3B594680299FCAA500E47740 /* BlissApp */ = {
			isa = PBXGroup;
			children = (
				3B594681299FCAA500E47740 /* AppDelegate.swift */,
				3B594683299FCAA500E47740 /* SceneDelegate.swift */,
				3B594685299FCAA500E47740 /* ViewController.swift */,
				3B594687299FCAA500E47740 /* Main.storyboard */,
				3B59468D299FCAA700E47740 /* Assets.xcassets */,
				3B59468F299FCAA700E47740 /* LaunchScreen.storyboard */,
				3B594692299FCAA700E47740 /* Info.plist */,
				3B59468A299FCAA500E47740 /* BlissApp.xcdatamodeld */,
			);
			path = BlissApp;
			sourceTree = "<group>";
		};
		3B59469A299FCAA700E47740 /* BlissAppTests */ = {
			isa = PBXGroup;
			children = (
				3B59469B299FCAA700E47740 /* BlissAppTests.swift */,
			);
			path = BlissAppTests;
			sourceTree = "<group>";
		};
		3B5946A4299FCAA700E47740 /* BlissAppUITests */ = {
			isa = PBXGroup;
			children = (
				3B5946A5299FCAA700E47740 /* BlissAppUITests.swift */,
				3B5946A7299FCAA700E47740 /* BlissAppUITestsLaunchTests.swift */,
			);
			path = BlissAppUITests;
			sourceTree = "<group>";
		};
/* End PBXGroup section */

/* Begin PBXNativeTarget section */
		3B59467D299FCAA500E47740 /* BlissApp */ = {
			isa = PBXNativeTarget;
			buildConfigurationList = 3B5946AB299FCAA700E47740 /* Build configuration list for PBXNativeTarget "BlissApp" */;
			buildPhases = (
				3B59467A299FCAA500E47740 /* Sources */,
				3B59467B299FCAA500E47740 /* Frameworks */,
				3B59467C299FCAA500E47740 /* Resources */,
			);
			buildRules = (
			);
			dependencies = (
			);
			name = BlissApp;
			productName = BlissApp;
			productReference = 3B59467E299FCAA500E47740 /* BlissApp.app */;
			productType = "com.apple.product-type.application";
		};
		3B594696299FCAA700E47740 /* BlissAppTests */ = {
			isa = PBXNativeTarget;
			buildConfigurationList = 3B5946AE299FCAA700E47740 /* Build configuration list for PBXNativeTarget "BlissAppTests" */;
			buildPhases = (
				3B594693299FCAA700E47740 /* Sources */,
				3B594694299FCAA700E47740 /* Frameworks */,
				3B594695299FCAA700E47740 /* Resources */,
			);
			buildRules = (
			);
			dependencies = (
				3B594699299FCAA700E47740 /* PBXTargetDependency */,
			);
			name = BlissAppTests;
			productName = BlissAppTests;
			productReference = 3B594697299FCAA700E47740 /* BlissAppTests.xctest */;
			productType = "com.apple.product-type.bundle.unit-test";
		};
		3B5946A0299FCAA700E47740 /* BlissAppUITests */ = {
			isa = PBXNativeTarget;
			buildConfigurationList = 3B5946B1299FCAA700E47740 /* Build configuration list for PBXNativeTarget "BlissAppUITests" */;
			buildPhases = (
				3B59469D299FCAA700E47740 /* Sources */,
				3B59469E299FCAA700E47740 /* Frameworks */,
				3B59469F299FCAA700E47740 /* Resources */,
			);
			buildRules = (
			);
			dependencies = (
				3B5946A3299FCAA700E47740 /* PBXTargetDependency */,
			);
			name = BlissAppUITests;
			productName = BlissAppUITests;
			productReference = 3B5946A1299FCAA700E47740 /* BlissAppUITests.xctest */;
			productType = "com.apple.product-type.bundle.ui-testing";
		};
/* End PBXNativeTarget section */

/* Begin PBXProject section */
		3B594676299FCAA500E47740 /* Project object */ = {
			isa = PBXProject;
			attributes = {
				BuildIndependentTargetsInParallel = 1;
				LastSwiftUpdateCheck = 1420;
				LastUpgradeCheck = 1420;
				TargetAttributes = {
					3B59467D299FCAA500E47740 = {
						CreatedOnToolsVersion = 14.2;
					};
					3B594696299FCAA700E47740 = {
						CreatedOnToolsVersion = 14.2;
						TestTargetID = 3B59467D299FCAA500E47740;
					};
					3B5946A0299FCAA700E47740 = {
						CreatedOnToolsVersion = 14.2;
						TestTargetID = 3B59467D299FCAA500E47740;
					};
				};
			};
			buildConfigurationList = 3B594679299FCAA500E47740 /* Build configuration list for PBXProject "BlissApp" */;
			compatibilityVersion = "Xcode 14.0";
			developmentRegion = en;
			hasScannedForEncodings = 0;
			knownRegions = (
				en,
				Base,
			);
			mainGroup = 3B594675299FCAA500E47740;
			productRefGroup = 3B59467F299FCAA500E47740 /* Products */;
			projectDirPath = "";
			projectRoot = "";
			targets = (
				3B59467D299FCAA500E47740 /* BlissApp */,
				3B594696299FCAA700E47740 /* BlissAppTests */,
				3B5946A0299FCAA700E47740 /* BlissAppUITests */,
			);
		};
/* End PBXProject section */

/* Begin PBXResourcesBuildPhase section */
		3B59467C299FCAA500E47740 /* Resources */ = {
			isa = PBXResourcesBuildPhase;
			buildActionMask = 2147483647;
			files = (
				3B594691299FCAA700E47740 /* LaunchScreen.storyboard in Resources */,
				3B59468E299FCAA700E47740 /* Assets.xcassets in Resources */,
				3B594689299FCAA500E47740 /* Main.storyboard in Resources */,
			);
			runOnlyForDeploymentPostprocessing = 0;
		};
		3B594695299FCAA700E47740 /* Resources */ = {
			isa = PBXResourcesBuildPhase;
			buildActionMask = 2147483647;
			files = (
			);
			runOnlyForDeploymentPostprocessing = 0;
		};
		3B59469F299FCAA700E47740 /* Resources */ = {
			isa = PBXResourcesBuildPhase;
			buildActionMask = 2147483647;
			files = (
			);
			runOnlyForDeploymentPostprocessing = 0;
		};
/* End PBXResourcesBuildPhase section */

/* Begin PBXSourcesBuildPhase section */
		3B59467A299FCAA500E47740 /* Sources */ = {
			isa = PBXSourcesBuildPhase;
			buildActionMask = 2147483647;
			files = (
				3B594686299FCAA500E47740 /* ViewController.swift in Sources */,
				3B594682299FCAA500E47740 /* AppDelegate.swift in Sources */,
				3B594684299FCAA500E47740 /* SceneDelegate.swift in Sources */,
				3B59468C299FCAA500E47740 /* BlissApp.xcdatamodeld in Sources */,
			);
			runOnlyForDeploymentPostprocessing = 0;
		};
		3B594693299FCAA700E47740 /* Sources */ = {
			isa = PBXSourcesBuildPhase;
			buildActionMask = 2147483647;
			files = (
				3B59469C299FCAA700E47740 /* BlissAppTests.swift in Sources */,
			);
			runOnlyForDeploymentPostprocessing = 0;
		};
		3B59469D299FCAA700E47740 /* Sources */ = {
			isa = PBXSourcesBuildPhase;
			buildActionMask = 2147483647;
			files = (
				3B5946A8299FCAA700E47740 /* BlissAppUITestsLaunchTests.swift in Sources */,
				3B5946A6299FCAA700E47740 /* BlissAppUITests.swift in Sources */,
			);
			runOnlyForDeploymentPostprocessing = 0;
		};
/* End PBXSourcesBuildPhase section */

/* Begin PBXTargetDependency section */
		3B594699299FCAA700E47740 /* PBXTargetDependency */ = {
			isa = PBXTargetDependency;
			target = 3B59467D299FCAA500E47740 /* BlissApp */;
			targetProxy = 3B594698299FCAA700E47740 /* PBXContainerItemProxy */;
		};
		3B5946A3299FCAA700E47740 /* PBXTargetDependency */ = {
			isa = PBXTargetDependency;
			target = 3B59467D299FCAA500E47740 /* BlissApp */;
			targetProxy = 3B5946A2299FCAA700E47740 /* PBXContainerItemProxy */;
		};
/* End PBXTargetDependency section */

/* Begin PBXVariantGroup section */
		3B594687299FCAA500E47740 /* Main.storyboard */ = {
			isa = PBXVariantGroup;
			children = (
				3B594688299FCAA500E47740 /* Base */,
			);
			name = Main.storyboard;
			sourceTree = "<group>";
		};
		3B59468F299FCAA700E47740 /* LaunchScreen.storyboard */ = {
			isa = PBXVariantGroup;
			children = (
				3B594690299FCAA700E47740 /* Base */,
			);
			name = LaunchScreen.storyboard;
			sourceTree = "<group>";
		};
/* End PBXVariantGroup section */

/* Begin XCBuildConfiguration section */
		3B5946A9299FCAA700E47740 /* Debug */ = {
			isa = XCBuildConfiguration;
			buildSettings = {
				ALWAYS_SEARCH_USER_PATHS = NO;
				CLANG_ANALYZER_NONNULL = YES;
				CLANG_ANALYZER_NUMBER_OBJECT_CONVERSION = YES_AGGRESSIVE;
				CLANG_CXX_LANGUAGE_STANDARD = "gnu++20";
				CLANG_ENABLE_MODULES = YES;
				CLANG_ENABLE_OBJC_ARC = YES;
				CLANG_ENABLE_OBJC_WEAK = YES;
				CLANG_WARN_BLOCK_CAPTURE_AUTORELEASING = YES;
				CLANG_WARN_BOOL_CONVERSION = YES;
				CLANG_WARN_COMMA = YES;
				CLANG_WARN_CONSTANT_CONVERSION = YES;
				CLANG_WARN_DEPRECATED_OBJC_IMPLEMENTATIONS = YES;
				CLANG_WARN_DIRECT_OBJC_ISA_USAGE = YES_ERROR;
				CLANG_WARN_DOCUMENTATION_COMMENTS = YES;
				CLANG_WARN_EMPTY_BODY = YES;
				CLANG_WARN_ENUM_CONVERSION = YES;
				CLANG_WARN_INFINITE_RECURSION = YES;
				CLANG_WARN_INT_CONVERSION = YES;
				CLANG_WARN_NON_LITERAL_NULL_CONVERSION = YES;
				CLANG_WARN_OBJC_IMPLICIT_RETAIN_SELF = YES;
				CLANG_WARN_OBJC_LITERAL_CONVERSION = YES;
				CLANG_WARN_OBJC_ROOT_CLASS = YES_ERROR;
				CLANG_WARN_QUOTED_INCLUDE_IN_FRAMEWORK_HEADER = YES;
				CLANG_WARN_RANGE_LOOP_ANALYSIS = YES;
				CLANG_WARN_STRICT_PROTOTYPES = YES;
				CLANG_WARN_SUSPICIOUS_MOVE = YES;
				CLANG_WARN_UNGUARDED_AVAILABILITY = YES_AGGRESSIVE;
				CLANG_WARN_UNREACHABLE_CODE = YES;
				CLANG_WARN__DUPLICATE_METHOD_MATCH = YES;
				COPY_PHASE_STRIP = NO;
				DEBUG_INFORMATION_FORMAT = dwarf;
				ENABLE_STRICT_OBJC_MSGSEND = YES;
				ENABLE_TESTABILITY = YES;
				GCC_C_LANGUAGE_STANDARD = gnu11;
				GCC_DYNAMIC_NO_PIC = NO;
				GCC_NO_COMMON_BLOCKS = YES;
				GCC_OPTIMIZATION_LEVEL = 0;
				GCC_PREPROCESSOR_DEFINITIONS = (
					"DEBUG=1",
					"$(inherited)",
				);
				GCC_WARN_64_TO_32_BIT_CONVERSION = YES;
				GCC_WARN_ABOUT_RETURN_TYPE = YES_ERROR;
				GCC_WARN_UNDECLARED_SELECTOR = YES;
				GCC_WARN_UNINITIALIZED_AUTOS = YES_AGGRESSIVE;
				GCC_WARN_UNUSED_FUNCTION = YES;
				GCC_WARN_UNUSED_VARIABLE = YES;
				IPHONEOS_DEPLOYMENT_TARGET = 16.2;
				MTL_ENABLE_DEBUG_INFO = INCLUDE_SOURCE;
				MTL_FAST_MATH = YES;
				ONLY_ACTIVE_ARCH = YES;
				SDKROOT = iphoneos;
				SWIFT_ACTIVE_COMPILATION_CONDITIONS = DEBUG;
				SWIFT_OPTIMIZATION_LEVEL = "-Onone";
			};
			name = Debug;
		};
		3B5946AA299FCAA700E47740 /* Release */ = {
			isa = XCBuildConfiguration;
			buildSettings = {
				ALWAYS_SEARCH_USER_PATHS = NO;
				CLANG_ANALYZER_NONNULL = YES;
				CLANG_ANALYZER_NUMBER_OBJECT_CONVERSION = YES_AGGRESSIVE;
				CLANG_CXX_LANGUAGE_STANDARD = "gnu++20";
				CLANG_ENABLE_MODULES = YES;
				CLANG_ENABLE_OBJC_ARC = YES;
				CLANG_ENABLE_OBJC_WEAK = YES;
				CLANG_WARN_BLOCK_CAPTURE_AUTORELEASING = YES;
				CLANG_WARN_BOOL_CONVERSION = YES;
				CLANG_WARN_COMMA = YES;
				CLANG_WARN_CONSTANT_CONVERSION = YES;
				CLANG_WARN_DEPRECATED_OBJC_IMPLEMENTATIONS = YES;
				CLANG_WARN_DIRECT_OBJC_ISA_USAGE = YES_ERROR;
				CLANG_WARN_DOCUMENTATION_COMMENTS = YES;
				CLANG_WARN_EMPTY_BODY = YES;
				CLANG_WARN_ENUM_CONVERSION = YES;
				CLANG_WARN_INFINITE_RECURSION = YES;
				CLANG_WARN_INT_CONVERSION = YES;
				CLANG_WARN_NON_LITERAL_NULL_CONVERSION = YES;
				CLANG_WARN_OBJC_IMPLICIT_RETAIN_SELF = YES;
				CLANG_WARN_OBJC_LITERAL_CONVERSION = YES;
				CLANG_WARN_OBJC_ROOT_CLASS = YES_ERROR;
				CLANG_WARN_QUOTED_INCLUDE_IN_FRAMEWORK_HEADER = YES;
				CLANG_WARN_RANGE_LOOP_ANALYSIS = YES;
				CLANG_WARN_STRICT_PROTOTYPES = YES;
				CLANG_WARN_SUSPICIOUS_MOVE = YES;
				CLANG_WARN_UNGUARDED_AVAILABILITY = YES_AGGRESSIVE;
				CLANG_WARN_UNREACHABLE_CODE = YES;
				CLANG_WARN__DUPLICATE_METHOD_MATCH = YES;
				COPY_PHASE_STRIP = NO;
				DEBUG_INFORMATION_FORMAT = "dwarf-with-dsym";
				ENABLE_NS_ASSERTIONS = NO;
				ENABLE_STRICT_OBJC_MSGSEND = YES;
				GCC_C_LANGUAGE_STANDARD = gnu11;
				GCC_NO_COMMON_BLOCKS = YES;
				GCC_WARN_64_TO_32_BIT_CONVERSION = YES;
				GCC_WARN_ABOUT_RETURN_TYPE = YES_ERROR;
				GCC_WARN_UNDECLARED_SELECTOR = YES;
				GCC_WARN_UNINITIALIZED_AUTOS = YES_AGGRESSIVE;
				GCC_WARN_UNUSED_FUNCTION = YES;
				GCC_WARN_UNUSED_VARIABLE = YES;
				IPHONEOS_DEPLOYMENT_TARGET = 16.2;
				MTL_ENABLE_DEBUG_INFO = NO;
				MTL_FAST_MATH = YES;
				SDKROOT = iphoneos;
				SWIFT_COMPILATION_MODE = wholemodule;
				SWIFT_OPTIMIZATION_LEVEL = "-O";
				VALIDATE_PRODUCT = YES;
			};
			name = Release;
		};
		3B5946AC299FCAA700E47740 /* Debug */ = {
			isa = XCBuildConfiguration;
			buildSettings = {
				ASSETCATALOG_COMPILER_APPICON_NAME = AppIcon;
				ASSETCATALOG_COMPILER_GLOBAL_ACCENT_COLOR_NAME = AccentColor;
				CODE_SIGN_STYLE = Automatic;
				CURRENT_PROJECT_VERSION = 1;
				DEVELOPMENT_TEAM = NUANG5WKCH;
				GENERATE_INFOPLIST_FILE = YES;
				INFOPLIST_FILE = BlissApp/Info.plist;
				INFOPLIST_KEY_UIApplicationSupportsIndirectInputEvents = YES;
				INFOPLIST_KEY_UILaunchStoryboardName = LaunchScreen;
				INFOPLIST_KEY_UIMainStoryboardFile = Main;
				INFOPLIST_KEY_UISupportedInterfaceOrientations_iPad = "UIInterfaceOrientationPortrait UIInterfaceOrientationPortraitUpsideDown UIInterfaceOrientationLandscapeLeft UIInterfaceOrientationLandscapeRight";
				INFOPLIST_KEY_UISupportedInterfaceOrientations_iPhone = "UIInterfaceOrientationPortrait UIInterfaceOrientationLandscapeLeft UIInterfaceOrientationLandscapeRight";
				LD_RUNPATH_SEARCH_PATHS = (
					"$(inherited)",
					"@executable_path/Frameworks",
				);
				MARKETING_VERSION = 1.0;
				PRODUCT_BUNDLE_IDENTIFIER = "eren-erten.BlissApp";
				PRODUCT_NAME = "$(TARGET_NAME)";
				SWIFT_EMIT_LOC_STRINGS = YES;
				SWIFT_VERSION = 5.0;
				TARGETED_DEVICE_FAMILY = "1,2";
			};
			name = Debug;
		};
		3B5946AD299FCAA700E47740 /* Release */ = {
			isa = XCBuildConfiguration;
			buildSettings = {
				ASSETCATALOG_COMPILER_APPICON_NAME = AppIcon;
				ASSETCATALOG_COMPILER_GLOBAL_ACCENT_COLOR_NAME = AccentColor;
				CODE_SIGN_STYLE = Automatic;
				CURRENT_PROJECT_VERSION = 1;
				DEVELOPMENT_TEAM = NUANG5WKCH;
				GENERATE_INFOPLIST_FILE = YES;
				INFOPLIST_FILE = BlissApp/Info.plist;
				INFOPLIST_KEY_UIApplicationSupportsIndirectInputEvents = YES;
				INFOPLIST_KEY_UILaunchStoryboardName = LaunchScreen;
				INFOPLIST_KEY_UIMainStoryboardFile = Main;
				INFOPLIST_KEY_UISupportedInterfaceOrientations_iPad = "UIInterfaceOrientationPortrait UIInterfaceOrientationPortraitUpsideDown UIInterfaceOrientationLandscapeLeft UIInterfaceOrientationLandscapeRight";
				INFOPLIST_KEY_UISupportedInterfaceOrientations_iPhone = "UIInterfaceOrientationPortrait UIInterfaceOrientationLandscapeLeft UIInterfaceOrientationLandscapeRight";
				LD_RUNPATH_SEARCH_PATHS = (
					"$(inherited)",
					"@executable_path/Frameworks",
				);
				MARKETING_VERSION = 1.0;
				PRODUCT_BUNDLE_IDENTIFIER = "eren-erten.BlissApp";
				PRODUCT_NAME = "$(TARGET_NAME)";
				SWIFT_EMIT_LOC_STRINGS = YES;
				SWIFT_VERSION = 5.0;
				TARGETED_DEVICE_FAMILY = "1,2";
			};
			name = Release;
		};
		3B5946AF299FCAA700E47740 /* Debug */ = {
			isa = XCBuildConfiguration;
			buildSettings = {
				ALWAYS_EMBED_SWIFT_STANDARD_LIBRARIES = YES;
				BUNDLE_LOADER = "$(TEST_HOST)";
				CODE_SIGN_STYLE = Automatic;
				CURRENT_PROJECT_VERSION = 1;
				DEVELOPMENT_TEAM = NUANG5WKCH;
				GENERATE_INFOPLIST_FILE = YES;
				IPHONEOS_DEPLOYMENT_TARGET = 16.2;
				MARKETING_VERSION = 1.0;
				PRODUCT_BUNDLE_IDENTIFIER = "eren-erten.BlissAppTests";
				PRODUCT_NAME = "$(TARGET_NAME)";
				SWIFT_EMIT_LOC_STRINGS = NO;
				SWIFT_VERSION = 5.0;
				TARGETED_DEVICE_FAMILY = "1,2";
				TEST_HOST = "$(BUILT_PRODUCTS_DIR)/BlissApp.app/$(BUNDLE_EXECUTABLE_FOLDER_PATH)/BlissApp";
			};
			name = Debug;
		};
		3B5946B0299FCAA700E47740 /* Release */ = {
			isa = XCBuildConfiguration;
			buildSettings = {
				ALWAYS_EMBED_SWIFT_STANDARD_LIBRARIES = YES;
				BUNDLE_LOADER = "$(TEST_HOST)";
				CODE_SIGN_STYLE = Automatic;
				CURRENT_PROJECT_VERSION = 1;
				DEVELOPMENT_TEAM = NUANG5WKCH;
				GENERATE_INFOPLIST_FILE = YES;
				IPHONEOS_DEPLOYMENT_TARGET = 16.2;
				MARKETING_VERSION = 1.0;
				PRODUCT_BUNDLE_IDENTIFIER = "eren-erten.BlissAppTests";
				PRODUCT_NAME = "$(TARGET_NAME)";
				SWIFT_EMIT_LOC_STRINGS = NO;
				SWIFT_VERSION = 5.0;
				TARGETED_DEVICE_FAMILY = "1,2";
				TEST_HOST = "$(BUILT_PRODUCTS_DIR)/BlissApp.app/$(BUNDLE_EXECUTABLE_FOLDER_PATH)/BlissApp";
			};
			name = Release;
		};
		3B5946B2299FCAA700E47740 /* Debug */ = {
			isa = XCBuildConfiguration;
			buildSettings = {
				ALWAYS_EMBED_SWIFT_STANDARD_LIBRARIES = YES;
				CODE_SIGN_STYLE = Automatic;
				CURRENT_PROJECT_VERSION = 1;
				DEVELOPMENT_TEAM = NUANG5WKCH;
				GENERATE_INFOPLIST_FILE = YES;
				MARKETING_VERSION = 1.0;
				PRODUCT_BUNDLE_IDENTIFIER = "eren-erten.BlissAppUITests";
				PRODUCT_NAME = "$(TARGET_NAME)";
				SWIFT_EMIT_LOC_STRINGS = NO;
				SWIFT_VERSION = 5.0;
				TARGETED_DEVICE_FAMILY = "1,2";
				TEST_TARGET_NAME = BlissApp;
			};
			name = Debug;
		};
		3B5946B3299FCAA700E47740 /* Release */ = {
			isa = XCBuildConfiguration;
			buildSettings = {
				ALWAYS_EMBED_SWIFT_STANDARD_LIBRARIES = YES;
				CODE_SIGN_STYLE = Automatic;
				CURRENT_PROJECT_VERSION = 1;
				DEVELOPMENT_TEAM = NUANG5WKCH;
				GENERATE_INFOPLIST_FILE = YES;
				MARKETING_VERSION = 1.0;
				PRODUCT_BUNDLE_IDENTIFIER = "eren-erten.BlissAppUITests";
				PRODUCT_NAME = "$(TARGET_NAME)";
				SWIFT_EMIT_LOC_STRINGS = NO;
				SWIFT_VERSION = 5.0;
				TARGETED_DEVICE_FAMILY = "1,2";
				TEST_TARGET_NAME = BlissApp;
			};
			name = Release;
		};
/* End XCBuildConfiguration section */

/* Begin XCConfigurationList section */
		3B594679299FCAA500E47740 /* Build configuration list for PBXProject "BlissApp" */ = {
			isa = XCConfigurationList;
			buildConfigurations = (
				3B5946A9299FCAA700E47740 /* Debug */,
				3B5946AA299FCAA700E47740 /* Release */,
			);
			defaultConfigurationIsVisible = 0;
			defaultConfigurationName = Release;
		};
		3B5946AB299FCAA700E47740 /* Build configuration list for PBXNativeTarget "BlissApp" */ = {
			isa = XCConfigurationList;
			buildConfigurations = (
				3B5946AC299FCAA700E47740 /* Debug */,
				3B5946AD299FCAA700E47740 /* Release */,
			);
			defaultConfigurationIsVisible = 0;
			defaultConfigurationName = Release;
		};
		3B5946AE299FCAA700E47740 /* Build configuration list for PBXNativeTarget "BlissAppTests" */ = {
			isa = XCConfigurationList;
			buildConfigurations = (
				3B5946AF299FCAA700E47740 /* Debug */,
				3B5946B0299FCAA700E47740 /* Release */,
			);
			defaultConfigurationIsVisible = 0;
			defaultConfigurationName = Release;
		};
		3B5946B1299FCAA700E47740 /* Build configuration list for PBXNativeTarget "BlissAppUITests" */ = {
			isa = XCConfigurationList;
			buildConfigurations = (
				3B5946B2299FCAA700E47740 /* Debug */,
				3B5946B3299FCAA700E47740 /* Release */,
			);
			defaultConfigurationIsVisible = 0;
			defaultConfigurationName = Release;
		};
/* End XCConfigurationList section */

/* Begin XCVersionGroup section */
		3B59468A299FCAA500E47740 /* BlissApp.xcdatamodeld */ = {
			isa = XCVersionGroup;
			children = (
				3B59468B299FCAA500E47740 /* BlissApp.xcdatamodel */,
			);
			currentVersion = 3B59468B299FCAA500E47740 /* BlissApp.xcdatamodel */;
			path = BlissApp.xcdatamodeld;
			sourceTree = "<group>";
			versionGroupType = wrapper.xcdatamodel;
		};
/* End XCVersionGroup section */
	};
	rootObject = 3B594676299FCAA500E47740 /* Project object */;
}
